{
  "originHash" : "bb7ae689f81ea0db52faff5cd59246760747fc36e8fb235e60190ce8eda3f01a",
  "pins" : [
    {
      "identity" : "purchases-ios-spm",
      "kind" : "remoteSourceControl",
      "location" : "https://github.com/RevenueCat/purchases-ios-spm.git",
      "state" : {
        "revision" : "b65cae4f227be800c57cb9700dbd94f2aa5409b2",
        "version" : "5.87.1"
      }
    }
  ],
  "version" : 3
}
